
Microsoft Visual Studio Solution File, Format Version 12.00
# Visual Studio Version 16
VisualStudioVersion = 25.0.1703.0
MinimumVisualStudioVersion = 10.0.40219.1
Project("{FAE04EC0-301F-11D3-BF4B-00C04F79EFBC}") = "Books.api", "Books.api.csproj", "{FDE78648-53C0-4669-8B4D-D4BCEC3A3725}"
EndProject
Global
	GlobalSection(SolutionConfigurationPlatforms) = preSolution
		Debug|Any CPU = Debug|Any CPU
		Release|Any CPU = Release|Any CPU
	EndGlobalSection
	GlobalSection(ProjectConfigurationPlatforms) = postSolution
		{FDE78648-53C0-4669-8B4D-D4BCEC3A3725}.Debug|Any CPU.ActiveCfg = Debug|Any CPU
		{FDE78648-53C0-4669-8B4D-D4BCEC3A3725}.Debug|Any CPU.Build.0 = Debug|Any CPU
		{FDE78648-53C0-4669-8B4D-D4BCEC3A3725}.Release|Any CPU.ActiveCfg = Release|Any CPU
		{FDE78648-53C0-4669-8B4D-D4BCEC3A3725}.Release|Any CPU.Build.0 = Release|Any CPU
	EndGlobalSection
	GlobalSection(SolutionProperties) = preSolution
		HideSolutionNode = FALSE
	EndGlobalSection
	GlobalSection(ExtensibilityGlobals) = postSolution
		SolutionGuid = {2845BC9D-AD98-4AED-B586-C75F4285382C}
	EndGlobalSection
EndGlobal
